
Microsoft Visual Studio Solution File, Format Version 12.00
Project("{FAE04EC0-301F-11D3-BF4B-00C04F79EFBC}") = "RRNetworkConsoleClient", "RRNetworkConsoleClient\RRNetworkConsoleClient.csproj", "{833606AD-CA08-4154-8719-7096EEFDB0A3}"
EndProject
Project("{FAE04EC0-301F-11D3-BF4B-00C04F79EFBC}") = "RRNetworkConsoleServer", "RRNetworkConsoleServer\RRNetworkConsoleServer.csproj", "{369E6F9C-023B-496A-833B-199374A4A8D4}"
EndProject
Global
	GlobalSection(SolutionConfigurationPlatforms) = preSolution
		Debug|Any CPU = Debug|Any CPU
		Release|Any CPU = Release|Any CPU
	EndGlobalSection
	GlobalSection(ProjectConfigurationPlatforms) = postSolution
		{833606AD-CA08-4154-8719-7096EEFDB0A3}.Debug|Any CPU.ActiveCfg = Debug|Any CPU
		{833606AD-CA08-4154-8719-7096EEFDB0A3}.Debug|Any CPU.Build.0 = Debug|Any CPU
		{833606AD-CA08-4154-8719-7096EEFDB0A3}.Release|Any CPU.ActiveCfg = Release|Any CPU
		{833606AD-CA08-4154-8719-7096EEFDB0A3}.Release|Any CPU.Build.0 = Release|Any CPU
		{369E6F9C-023B-496A-833B-199374A4A8D4}.Debug|Any CPU.ActiveCfg = Debug|Any CPU
		{369E6F9C-023B-496A-833B-199374A4A8D4}.Debug|Any CPU.Build.0 = Debug|Any CPU
		{369E6F9C-023B-496A-833B-199374A4A8D4}.Release|Any CPU.ActiveCfg = Release|Any CPU
		{369E6F9C-023B-496A-833B-199374A4A8D4}.Release|Any CPU.Build.0 = Release|Any CPU
	EndGlobalSection
EndGlobal
